// !$*UTF8*$!
{
	archiveVersion = 1;
	classes = {
	};
	objectVersion = 56;
	objects = {

/* Begin PBXBuildFile section */
		3FA84C5B29EB53D6003C62A4 /* hardhack_sp23_postureApp.swift in Sources */ = {isa = PBXBuildFile; fileRef = 3FA84C5A29EB53D6003C62A4 /* hardhack_sp23_postureApp.swift */; };
		3FA84C5D29EB53D6003C62A4 /* ContentView.swift in Sources */ = {isa = PBXBuildFile; fileRef = 3FA84C5C29EB53D6003C62A4 /* ContentView.swift */; };
		3FA84C5F29EB53D6003C62A4 /* Assets.xcassets in Resources */ = {isa = PBXBuildFile; fileRef = 3FA84C5E29EB53D6003C62A4 /* Assets.xcassets */; };
		3FA84C6229EB53D6003C62A4 /* Preview Assets.xcassets in Resources */ = {isa = PBXBuildFile; fileRef = 3FA84C6129EB53D6003C62A4 /* Preview Assets.xcassets */; };
		3FA84C6C29EB53D7003C62A4 /* hardhack_sp23_postureTests.swift in Sources */ = {isa = PBXBuildFile; fileRef = 3FA84C6B29EB53D7003C62A4 /* hardhack_sp23_postureTests.swift */; };
		3FA84C7629EB53D7003C62A4 /* hardhack_sp23_postureUITests.swift in Sources */ = {isa = PBXBuildFile; fileRef = 3FA84C7529EB53D7003C62A4 /* hardhack_sp23_postureUITests.swift */; };
		3FA84C7829EB53D7003C62A4 /* hardhack_sp23_postureUITestsLaunchTests.swift in Sources */ = {isa = PBXBuildFile; fileRef = 3FA84C7729EB53D7003C62A4 /* hardhack_sp23_postureUITestsLaunchTests.swift */; };
		3FA84C8829EB6444003C62A4 /* PreviewView.swift in Sources */ = {isa = PBXBuildFile; fileRef = 3FA84C8729EB6444003C62A4 /* PreviewView.swift */; };
		3FA84C8A29EB6CE9003C62A4 /* VisionController.swift in Sources */ = {isa = PBXBuildFile; fileRef = 3FA84C8929EB6CE9003C62A4 /* VisionController.swift */; };
		3FA84C8E29EBA6B8003C62A4 /* IntroView.swift in Sources */ = {isa = PBXBuildFile; fileRef = 3FA84C8D29EBA6B8003C62A4 /* IntroView.swift */; };
		3FFADD4529EBD945009050DA /* SuccessView.swift in Sources */ = {isa = PBXBuildFile; fileRef = 3FFADD4429EBD945009050DA /* SuccessView.swift */; };
/* End PBXBuildFile section */

/* Begin PBXContainerItemProxy section */
		3FA84C6829EB53D7003C62A4 /* PBXContainerItemProxy */ = {
			isa = PBXContainerItemProxy;
			containerPortal = 3FA84C4F29EB53D6003C62A4 /* Project object */;
			proxyType = 1;
			remoteGlobalIDString = 3FA84C5629EB53D6003C62A4;
			remoteInfo = "hardhack-sp23-posture";
		};
		3FA84C7229EB53D7003C62A4 /* PBXContainerItemProxy */ = {
			isa = PBXContainerItemProxy;
			containerPortal = 3FA84C4F29EB53D6003C62A4 /* Project object */;
			proxyType = 1;
			remoteGlobalIDString = 3FA84C5629EB53D6003C62A4;
			remoteInfo = "hardhack-sp23-posture";
		};
/* End PBXContainerItemProxy section */

/* Begin PBXFileReference section */
		3FA84C5729EB53D6003C62A4 /* hardhack-sp23-posture.app */ = {isa = PBXFileReference; explicitFileType = wrapper.application; includeInIndex = 0; path = "hardhack-sp23-posture.app"; sourceTree = BUILT_PRODUCTS_DIR; };
		3FA84C5A29EB53D6003C62A4 /* hardhack_sp23_postureApp.swift */ = {isa = PBXFileReference; lastKnownFileType = sourcecode.swift; path = hardhack_sp23_postureApp.swift; sourceTree = "<group>"; };
		3FA84C5C29EB53D6003C62A4 /* ContentView.swift */ = {isa = PBXFileReference; lastKnownFileType = sourcecode.swift; path = ContentView.swift; sourceTree = "<group>"; };
		3FA84C5E29EB53D6003C62A4 /* Assets.xcassets */ = {isa = PBXFileReference; lastKnownFileType = folder.assetcatalog; path = Assets.xcassets; sourceTree = "<group>"; };
		3FA84C6129EB53D6003C62A4 /* Preview Assets.xcassets */ = {isa = PBXFileReference; lastKnownFileType = folder.assetcatalog; path = "Preview Assets.xcassets"; sourceTree = "<group>"; };
		3FA84C6729EB53D7003C62A4 /* hardhack-sp23-postureTests.xctest */ = {isa = PBXFileReference; explicitFileType = wrapper.cfbundle; includeInIndex = 0; path = "hardhack-sp23-postureTests.xctest"; sourceTree = BUILT_PRODUCTS_DIR; };
		3FA84C6B29EB53D7003C62A4 /* hardhack_sp23_postureTests.swift */ = {isa = PBXFileReference; lastKnownFileType = sourcecode.swift; path = hardhack_sp23_postureTests.swift; sourceTree = "<group>"; };
		3FA84C7129EB53D7003C62A4 /* hardhack-sp23-postureUITests.xctest */ = {isa = PBXFileReference; explicitFileType = wrapper.cfbundle; includeInIndex = 0; path = "hardhack-sp23-postureUITests.xctest"; sourceTree = BUILT_PRODUCTS_DIR; };
		3FA84C7529EB53D7003C62A4 /* hardhack_sp23_postureUITests.swift */ = {isa = PBXFileReference; lastKnownFileType = sourcecode.swift; path = hardhack_sp23_postureUITests.swift; sourceTree = "<group>"; };
		3FA84C7729EB53D7003C62A4 /* hardhack_sp23_postureUITestsLaunchTests.swift */ = {isa = PBXFileReference; lastKnownFileType = sourcecode.swift; path = hardhack_sp23_postureUITestsLaunchTests.swift; sourceTree = "<group>"; };
		3FA84C8429EB55AD003C62A4 /* Info.plist */ = {isa = PBXFileReference; lastKnownFileType = text.plist; path = Info.plist; sourceTree = "<group>"; };
		3FA84C8729EB6444003C62A4 /* PreviewView.swift */ = {isa = PBXFileReference; lastKnownFileType = sourcecode.swift; path = PreviewView.swift; sourceTree = "<group>"; };
		3FA84C8929EB6CE9003C62A4 /* VisionController.swift */ = {isa = PBXFileReference; lastKnownFileType = sourcecode.swift; path = VisionController.swift; sourceTree = "<group>"; };
		3FA84C8D29EBA6B8003C62A4 /* IntroView.swift */ = {isa = PBXFileReference; lastKnownFileType = sourcecode.swift; path = IntroView.swift; sourceTree = "<group>"; };
		3FFADD4429EBD945009050DA /* SuccessView.swift */ = {isa = PBXFileReference; lastKnownFileType = sourcecode.swift; path = SuccessView.swift; sourceTree = "<group>"; };
/* End PBXFileReference section */

/* Begin PBXFrameworksBuildPhase section */
		3FA84C5429EB53D6003C62A4 /* Frameworks */ = {
			isa = PBXFrameworksBuildPhase;
			buildActionMask = 2147483647;
			files = (
			);
			runOnlyForDeploymentPostprocessing = 0;
		};
		3FA84C6429EB53D7003C62A4 /* Frameworks */ = {
			isa = PBXFrameworksBuildPhase;
			buildActionMask = 2147483647;
			files = (
			);
			runOnlyForDeploymentPostprocessing = 0;
		};
		3FA84C6E29EB53D7003C62A4 /* Frameworks */ = {
			isa = PBXFrameworksBuildPhase;
			buildActionMask = 2147483647;
			files = (
			);
			runOnlyForDeploymentPostprocessing = 0;
		};
/* End PBXFrameworksBuildPhase section */

/* Begin PBXGroup section */
		3FA84C4E29EB53D6003C62A4 = {
			isa = PBXGroup;
			children = (
				3FFADD4429EBD945009050DA /* SuccessView.swift */,
				3FA84C5929EB53D6003C62A4 /* hardhack-sp23-posture */,
				3FA84C6A29EB53D7003C62A4 /* hardhack-sp23-postureTests */,
				3FA84C7429EB53D7003C62A4 /* hardhack-sp23-postureUITests */,
				3FA84C5829EB53D6003C62A4 /* Products */,
			);
			sourceTree = "<group>";
		};
		3FA84C5829EB53D6003C62A4 /* Products */ = {
			isa = PBXGroup;
			children = (
				3FA84C5729EB53D6003C62A4 /* hardhack-sp23-posture.app */,
				3FA84C6729EB53D7003C62A4 /* hardhack-sp23-postureTests.xctest */,
				3FA84C7129EB53D7003C62A4 /* hardhack-sp23-postureUITests.xctest */,
			);
			name = Products;
			sourceTree = "<group>";
		};
		3FA84C5929EB53D6003C62A4 /* hardhack-sp23-posture */ = {
			isa = PBXGroup;
			children = (
				3FA84C8429EB55AD003C62A4 /* Info.plist */,
				3FA84C5A29EB53D6003C62A4 /* hardhack_sp23_postureApp.swift */,
				3FA84C5C29EB53D6003C62A4 /* ContentView.swift */,
				3FA84C5E29EB53D6003C62A4 /* Assets.xcassets */,
				3FA84C6029EB53D6003C62A4 /* Preview Content */,
				3FA84C8729EB6444003C62A4 /* PreviewView.swift */,
				3FA84C8929EB6CE9003C62A4 /* VisionController.swift */,
				3FA84C8D29EBA6B8003C62A4 /* IntroView.swift */,
			);
			path = "hardhack-sp23-posture";
			sourceTree = "<group>";
		};
		3FA84C6029EB53D6003C62A4 /* Preview Content */ = {
			isa = PBXGroup;
			children = (
				3FA84C6129EB53D6003C62A4 /* Preview Assets.xcassets */,
			);
			path = "Preview Content";
			sourceTree = "<group>";
		};
		3FA84C6A29EB53D7003C62A4 /* hardhack-sp23-postureTests */ = {
			isa = PBXGroup;
			children = (
				3FA84C6B29EB53D7003C62A4 /* hardhack_sp23_postureTests.swift */,
			);
			path = "hardhack-sp23-postureTests";
			sourceTree = "<group>";
		};
		3FA84C7429EB53D7003C62A4 /* hardhack-sp23-postureUITests */ = {
			isa = PBXGroup;
			children = (
				3FA84C7529EB53D7003C62A4 /* hardhack_sp23_postureUITests.swift */,
				3FA84C7729EB53D7003C62A4 /* hardhack_sp23_postureUITestsLaunchTests.swift */,
			);
			path = "hardhack-sp23-postureUITests";
			sourceTree = "<group>";
		};
/* End PBXGroup section */

/* Begin PBXNativeTarget section */
		3FA84C5629EB53D6003C62A4 /* hardhack-sp23-posture */ = {
			isa = PBXNativeTarget;
			buildConfigurationList = 3FA84C7B29EB53D7003C62A4 /* Build configuration list for PBXNativeTarget "hardhack-sp23-posture" */;
			buildPhases = (
				3FA84C5329EB53D6003C62A4 /* Sources */,
				3FA84C5429EB53D6003C62A4 /* Frameworks */,
				3FA84C5529EB53D6003C62A4 /* Resources */,
			);
			buildRules = (
			);
			dependencies = (
			);
			name = "hardhack-sp23-posture";
			productName = "hardhack-sp23-posture";
			productReference = 3FA84C5729EB53D6003C62A4 /* hardhack-sp23-posture.app */;
			productType = "com.apple.product-type.application";
		};
		3FA84C6629EB53D7003C62A4 /* hardhack-sp23-postureTests */ = {
			isa = PBXNativeTarget;
			buildConfigurationList = 3FA84C7E29EB53D7003C62A4 /* Build configuration list for PBXNativeTarget "hardhack-sp23-postureTests" */;
			buildPhases = (
				3FA84C6329EB53D7003C62A4 /* Sources */,
				3FA84C6429EB53D7003C62A4 /* Frameworks */,
				3FA84C6529EB53D7003C62A4 /* Resources */,
			);
			buildRules = (
			);
			dependencies = (
				3FA84C6929EB53D7003C62A4 /* PBXTargetDependency */,
			);
			name = "hardhack-sp23-postureTests";
			productName = "hardhack-sp23-postureTests";
			productReference = 3FA84C6729EB53D7003C62A4 /* hardhack-sp23-postureTests.xctest */;
			productType = "com.apple.product-type.bundle.unit-test";
		};
		3FA84C7029EB53D7003C62A4 /* hardhack-sp23-postureUITests */ = {
			isa = PBXNativeTarget;
			buildConfigurationList = 3FA84C8129EB53D7003C62A4 /* Build configuration list for PBXNativeTarget "hardhack-sp23-postureUITests" */;
			buildPhases = (
				3FA84C6D29EB53D7003C62A4 /* Sources */,
				3FA84C6E29EB53D7003C62A4 /* Frameworks */,
				3FA84C6F29EB53D7003C62A4 /* Resources */,
			);
			buildRules = (
			);
			dependencies = (
				3FA84C7329EB53D7003C62A4 /* PBXTargetDependency */,
			);
			name = "hardhack-sp23-postureUITests";
			productName = "hardhack-sp23-postureUITests";
			productReference = 3FA84C7129EB53D7003C62A4 /* hardhack-sp23-postureUITests.xctest */;
			productType = "com.apple.product-type.bundle.ui-testing";
		};
/* End PBXNativeTarget section */

/* Begin PBXProject section */
		3FA84C4F29EB53D6003C62A4 /* Project object */ = {
			isa = PBXProject;
			attributes = {
				BuildIndependentTargetsInParallel = 1;
				LastSwiftUpdateCheck = 1430;
				LastUpgradeCheck = 1430;
				TargetAttributes = {
					3FA84C5629EB53D6003C62A4 = {
						CreatedOnToolsVersion = 14.3;
					};
					3FA84C6629EB53D7003C62A4 = {
						CreatedOnToolsVersion = 14.3;
						TestTargetID = 3FA84C5629EB53D6003C62A4;
					};
					3FA84C7029EB53D7003C62A4 = {
						CreatedOnToolsVersion = 14.3;
						TestTargetID = 3FA84C5629EB53D6003C62A4;
					};
				};
			};
			buildConfigurationList = 3FA84C5229EB53D6003C62A4 /* Build configuration list for PBXProject "hardhack-sp23-posture" */;
			compatibilityVersion = "Xcode 14.0";
			developmentRegion = en;
			hasScannedForEncodings = 0;
			knownRegions = (
				en,
				Base,
			);
			mainGroup = 3FA84C4E29EB53D6003C62A4;
			productRefGroup = 3FA84C5829EB53D6003C62A4 /* Products */;
			projectDirPath = "";
			projectRoot = "";
			targets = (
				3FA84C5629EB53D6003C62A4 /* hardhack-sp23-posture */,
				3FA84C6629EB53D7003C62A4 /* hardhack-sp23-postureTests */,
				3FA84C7029EB53D7003C62A4 /* hardhack-sp23-postureUITests */,
			);
		};
/* End PBXProject section */

/* Begin PBXResourcesBuildPhase section */
		3FA84C5529EB53D6003C62A4 /* Resources */ = {
			isa = PBXResourcesBuildPhase;
			buildActionMask = 2147483647;
			files = (
				3FA84C6229EB53D6003C62A4 /* Preview Assets.xcassets in Resources */,
				3FA84C5F29EB53D6003C62A4 /* Assets.xcassets in Resources */,
			);
			runOnlyForDeploymentPostprocessing = 0;
		};
		3FA84C6529EB53D7003C62A4 /* Resources */ = {
			isa = PBXResourcesBuildPhase;
			buildActionMask = 2147483647;
			files = (
			);
			runOnlyForDeploymentPostprocessing = 0;
		};
		3FA84C6F29EB53D7003C62A4 /* Resources */ = {
			isa = PBXResourcesBuildPhase;
			buildActionMask = 2147483647;
			files = (
			);
			runOnlyForDeploymentPostprocessing = 0;
		};
/* End PBXResourcesBuildPhase section */

/* Begin PBXSourcesBuildPhase section */
		3FA84C5329EB53D6003C62A4 /* Sources */ = {
			isa = PBXSourcesBuildPhase;
			buildActionMask = 2147483647;
			files = (
				3FA84C5D29EB53D6003C62A4 /* ContentView.swift in Sources */,
				3FA84C8A29EB6CE9003C62A4 /* VisionController.swift in Sources */,
				3FA84C5B29EB53D6003C62A4 /* hardhack_sp23_postureApp.swift in Sources */,
				3FA84C8829EB6444003C62A4 /* PreviewView.swift in Sources */,
				3FFADD4529EBD945009050DA /* SuccessView.swift in Sources */,
				3FA84C8E29EBA6B8003C62A4 /* IntroView.swift in Sources */,
			);
			runOnlyForDeploymentPostprocessing = 0;
		};
		3FA84C6329EB53D7003C62A4 /* Sources */ = {
			isa = PBXSourcesBuildPhase;
			buildActionMask = 2147483647;
			files = (
				3FA84C6C29EB53D7003C62A4 /* hardhack_sp23_postureTests.swift in Sources */,
			);
			runOnlyForDeploymentPostprocessing = 0;
		};
		3FA84C6D29EB53D7003C62A4 /* Sources */ = {
			isa = PBXSourcesBuildPhase;
			buildActionMask = 2147483647;
			files = (
				3FA84C7629EB53D7003C62A4 /* hardhack_sp23_postureUITests.swift in Sources */,
				3FA84C7829EB53D7003C62A4 /* hardhack_sp23_postureUITestsLaunchTests.swift in Sources */,
			);
			runOnlyForDeploymentPostprocessing = 0;
		};
/* End PBXSourcesBuildPhase section */

/* Begin PBXTargetDependency section */
		3FA84C6929EB53D7003C62A4 /* PBXTargetDependency */ = {
			isa = PBXTargetDependency;
			target = 3FA84C5629EB53D6003C62A4 /* hardhack-sp23-posture */;
			targetProxy = 3FA84C6829EB53D7003C62A4 /* PBXContainerItemProxy */;
		};
		3FA84C7329EB53D7003C62A4 /* PBXTargetDependency */ = {
			isa = PBXTargetDependency;
			target = 3FA84C5629EB53D6003C62A4 /* hardhack-sp23-posture */;
			targetProxy = 3FA84C7229EB53D7003C62A4 /* PBXContainerItemProxy */;
		};
/* End PBXTargetDependency section */

/* Begin XCBuildConfiguration section */
		3FA84C7929EB53D7003C62A4 /* Debug */ = {
			isa = XCBuildConfiguration;
			buildSettings = {
				ALWAYS_SEARCH_USER_PATHS = NO;
				CLANG_ANALYZER_NONNULL = YES;
				CLANG_ANALYZER_NUMBER_OBJECT_CONVERSION = YES_AGGRESSIVE;
				CLANG_CXX_LANGUAGE_STANDARD = "gnu++20";
				CLANG_ENABLE_MODULES = YES;
				CLANG_ENABLE_OBJC_ARC = YES;
				CLANG_ENABLE_OBJC_WEAK = YES;
				CLANG_WARN_BLOCK_CAPTURE_AUTORELEASING = YES;
				CLANG_WARN_BOOL_CONVERSION = YES;
				CLANG_WARN_COMMA = YES;
				CLANG_WARN_CONSTANT_CONVERSION = YES;
				CLANG_WARN_DEPRECATED_OBJC_IMPLEMENTATIONS = YES;
				CLANG_WARN_DIRECT_OBJC_ISA_USAGE = YES_ERROR;
				CLANG_WARN_DOCUMENTATION_COMMENTS = YES;
				CLANG_WARN_EMPTY_BODY = YES;
				CLANG_WARN_ENUM_CONVERSION = YES;
				CLANG_WARN_INFINITE_RECURSION = YES;
				CLANG_WARN_INT_CONVERSION = YES;
				CLANG_WARN_NON_LITERAL_NULL_CONVERSION = YES;
				CLANG_WARN_OBJC_IMPLICIT_RETAIN_SELF = YES;
				CLANG_WARN_OBJC_LITERAL_CONVERSION = YES;
				CLANG_WARN_OBJC_ROOT_CLASS = YES_ERROR;
				CLANG_WARN_QUOTED_INCLUDE_IN_FRAMEWORK_HEADER = YES;
				CLANG_WARN_RANGE_LOOP_ANALYSIS = YES;
				CLANG_WARN_STRICT_PROTOTYPES = YES;
				CLANG_WARN_SUSPICIOUS_MOVE = YES;
				CLANG_WARN_UNGUARDED_AVAILABILITY = YES_AGGRESSIVE;
				CLANG_WARN_UNREACHABLE_CODE = YES;
				CLANG_WARN__DUPLICATE_METHOD_MATCH = YES;
				COPY_PHASE_STRIP = NO;
				DEBUG_INFORMATION_FORMAT = dwarf;
				ENABLE_STRICT_OBJC_MSGSEND = YES;
				ENABLE_TESTABILITY = YES;
				GCC_C_LANGUAGE_STANDARD = gnu11;
				GCC_DYNAMIC_NO_PIC = NO;
				GCC_NO_COMMON_BLOCKS = YES;
				GCC_OPTIMIZATION_LEVEL = 0;
				GCC_PREPROCESSOR_DEFINITIONS = (
					"DEBUG=1",
					"$(inherited)",
				);
				GCC_WARN_64_TO_32_BIT_CONVERSION = YES;
				GCC_WARN_ABOUT_RETURN_TYPE = YES_ERROR;
				GCC_WARN_UNDECLARED_SELECTOR = YES;
				GCC_WARN_UNINITIALIZED_AUTOS = YES_AGGRESSIVE;
				GCC_WARN_UNUSED_FUNCTION = YES;
				GCC_WARN_UNUSED_VARIABLE = YES;
				IPHONEOS_DEPLOYMENT_TARGET = 16.4;
				MTL_ENABLE_DEBUG_INFO = INCLUDE_SOURCE;
				MTL_FAST_MATH = YES;
				ONLY_ACTIVE_ARCH = YES;
				SDKROOT = iphoneos;
				SWIFT_ACTIVE_COMPILATION_CONDITIONS = DEBUG;
				SWIFT_OPTIMIZATION_LEVEL = "-Onone";
			};
			name = Debug;
		};
		3FA84C7A29EB53D7003C62A4 /* Release */ = {
			isa = XCBuildConfiguration;
			buildSettings = {
				ALWAYS_SEARCH_USER_PATHS = NO;
				CLANG_ANALYZER_NONNULL = YES;
				CLANG_ANALYZER_NUMBER_OBJECT_CONVERSION = YES_AGGRESSIVE;
				CLANG_CXX_LANGUAGE_STANDARD = "gnu++20";
				CLANG_ENABLE_MODULES = YES;
				CLANG_ENABLE_OBJC_ARC = YES;
				CLANG_ENABLE_OBJC_WEAK = YES;
				CLANG_WARN_BLOCK_CAPTURE_AUTORELEASING = YES;
				CLANG_WARN_BOOL_CONVERSION = YES;
				CLANG_WARN_COMMA = YES;
				CLANG_WARN_CONSTANT_CONVERSION = YES;
				CLANG_WARN_DEPRECATED_OBJC_IMPLEMENTATIONS = YES;
				CLANG_WARN_DIRECT_OBJC_ISA_USAGE = YES_ERROR;
				CLANG_WARN_DOCUMENTATION_COMMENTS = YES;
				CLANG_WARN_EMPTY_BODY = YES;
				CLANG_WARN_ENUM_CONVERSION = YES;
				CLANG_WARN_INFINITE_RECURSION = YES;
				CLANG_WARN_INT_CONVERSION = YES;
				CLANG_WARN_NON_LITERAL_NULL_CONVERSION = YES;
				CLANG_WARN_OBJC_IMPLICIT_RETAIN_SELF = YES;
				CLANG_WARN_OBJC_LITERAL_CONVERSION = YES;
				CLANG_WARN_OBJC_ROOT_CLASS = YES_ERROR;
				CLANG_WARN_QUOTED_INCLUDE_IN_FRAMEWORK_HEADER = YES;
				CLANG_WARN_RANGE_LOOP_ANALYSIS = YES;
				CLANG_WARN_STRICT_PROTOTYPES = YES;
				CLANG_WARN_SUSPICIOUS_MOVE = YES;
				CLANG_WARN_UNGUARDED_AVAILABILITY = YES_AGGRESSIVE;
				CLANG_WARN_UNREACHABLE_CODE = YES;
				CLANG_WARN__DUPLICATE_METHOD_MATCH = YES;
				COPY_PHASE_STRIP = NO;
				DEBUG_INFORMATION_FORMAT = "dwarf-with-dsym";
				ENABLE_NS_ASSERTIONS = NO;
				ENABLE_STRICT_OBJC_MSGSEND = YES;
				GCC_C_LANGUAGE_STANDARD = gnu11;
				GCC_NO_COMMON_BLOCKS = YES;
				GCC_WARN_64_TO_32_BIT_CONVERSION = YES;
				GCC_WARN_ABOUT_RETURN_TYPE = YES_ERROR;
				GCC_WARN_UNDECLARED_SELECTOR = YES;
				GCC_WARN_UNINITIALIZED_AUTOS = YES_AGGRESSIVE;
				GCC_WARN_UNUSED_FUNCTION = YES;
				GCC_WARN_UNUSED_VARIABLE = YES;
				IPHONEOS_DEPLOYMENT_TARGET = 16.4;
				MTL_ENABLE_DEBUG_INFO = NO;
				MTL_FAST_MATH = YES;
				SDKROOT = iphoneos;
				SWIFT_COMPILATION_MODE = wholemodule;
				SWIFT_OPTIMIZATION_LEVEL = "-O";
				VALIDATE_PRODUCT = YES;
			};
			name = Release;
		};
		3FA84C7C29EB53D7003C62A4 /* Debug */ = {
			isa = XCBuildConfiguration;
			buildSettings = {
				ASSETCATALOG_COMPILER_APPICON_NAME = AppIcon;
				ASSETCATALOG_COMPILER_GLOBAL_ACCENT_COLOR_NAME = AccentColor;
				CODE_SIGN_STYLE = Automatic;
				CURRENT_PROJECT_VERSION = 1;
				DEVELOPMENT_ASSET_PATHS = "\"hardhack-sp23-posture/Preview Content\"";
				DEVELOPMENT_TEAM = TQR97FV9D2;
				ENABLE_PREVIEWS = YES;
				GENERATE_INFOPLIST_FILE = YES;
				INFOPLIST_FILE = "hardhack-sp23-posture/Info.plist";
				INFOPLIST_KEY_NSCameraUsageDescription = "This app uses the cameras to detect your posture";
				INFOPLIST_KEY_UIApplicationSceneManifest_Generation = YES;
				INFOPLIST_KEY_UIApplicationSupportsIndirectInputEvents = YES;
				INFOPLIST_KEY_UISupportedInterfaceOrientations = "UIInterfaceOrientationLandscapeLeft UIInterfaceOrientationLandscapeRight UIInterfaceOrientationPortrait";
				IPHONEOS_DEPLOYMENT_TARGET = 15.0;
				LD_RUNPATH_SEARCH_PATHS = (
					"$(inherited)",
					"@executable_path/Frameworks",
				);
				MARKETING_VERSION = 1.0;
				PRODUCT_BUNDLE_IDENTIFIER = "com.simfony.hardhack-sp23-posture";
				PRODUCT_NAME = "$(TARGET_NAME)";
				SUPPORTED_PLATFORMS = "iphoneos iphonesimulator";
				SUPPORTS_MACCATALYST = NO;
				SUPPORTS_MAC_DESIGNED_FOR_IPHONE_IPAD = NO;
				SWIFT_EMIT_LOC_STRINGS = YES;
				SWIFT_VERSION = 5.0;
				TARGETED_DEVICE_FAMILY = 1;
			};
			name = Debug;
		};
		3FA84C7D29EB53D7003C62A4 /* Release */ = {
			isa = XCBuildConfiguration;
			buildSettings = {
				ASSETCATALOG_COMPILER_APPICON_NAME = AppIcon;
				ASSETCATALOG_COMPILER_GLOBAL_ACCENT_COLOR_NAME = AccentColor;
				CODE_SIGN_STYLE = Automatic;
				CURRENT_PROJECT_VERSION = 1;
				DEVELOPMENT_ASSET_PATHS = "\"hardhack-sp23-posture/Preview Content\"";
				DEVELOPMENT_TEAM = TQR97FV9D2;
				ENABLE_PREVIEWS = YES;
				GENERATE_INFOPLIST_FILE = YES;
				INFOPLIST_FILE = "hardhack-sp23-posture/Info.plist";
				INFOPLIST_KEY_NSCameraUsageDescription = "This app uses the cameras to detect your posture";
				INFOPLIST_KEY_UIApplicationSceneManifest_Generation = YES;
				INFOPLIST_KEY_UIApplicationSupportsIndirectInputEvents = YES;
				INFOPLIST_KEY_UISupportedInterfaceOrientations = "UIInterfaceOrientationLandscapeLeft UIInterfaceOrientationLandscapeRight UIInterfaceOrientationPortrait";
				IPHONEOS_DEPLOYMENT_TARGET = 15.0;
				LD_RUNPATH_SEARCH_PATHS = (
					"$(inherited)",
					"@executable_path/Frameworks",
				);
				MARKETING_VERSION = 1.0;
				PRODUCT_BUNDLE_IDENTIFIER = "com.simfony.hardhack-sp23-posture";
				PRODUCT_NAME = "$(TARGET_NAME)";
				SUPPORTED_PLATFORMS = "iphoneos iphonesimulator";
				SUPPORTS_MACCATALYST = NO;
				SUPPORTS_MAC_DESIGNED_FOR_IPHONE_IPAD = NO;
				SWIFT_EMIT_LOC_STRINGS = YES;
				SWIFT_VERSION = 5.0;
				TARGETED_DEVICE_FAMILY = 1;
			};
			name = Release;
		};
		3FA84C7F29EB53D7003C62A4 /* Debug */ = {
			isa = XCBuildConfiguration;
			buildSettings = {
				ALWAYS_EMBED_SWIFT_STANDARD_LIBRARIES = YES;
				BUNDLE_LOADER = "$(TEST_HOST)";
				CODE_SIGN_STYLE = Automatic;
				CURRENT_PROJECT_VERSION = 1;
				DEVELOPMENT_TEAM = TQR97FV9D2;
				GENERATE_INFOPLIST_FILE = YES;
				IPHONEOS_DEPLOYMENT_TARGET = 16.4;
				MARKETING_VERSION = 1.0;
				PRODUCT_BUNDLE_IDENTIFIER = "com.simfony.hardhack-sp23-postureTests";
				PRODUCT_NAME = "$(TARGET_NAME)";
				SWIFT_EMIT_LOC_STRINGS = NO;
				SWIFT_VERSION = 5.0;
				TARGETED_DEVICE_FAMILY = "1,2";
				TEST_HOST = "$(BUILT_PRODUCTS_DIR)/hardhack-sp23-posture.app/$(BUNDLE_EXECUTABLE_FOLDER_PATH)/hardhack-sp23-posture";
			};
			name = Debug;
		};
		3FA84C8029EB53D7003C62A4 /* Release */ = {
			isa = XCBuildConfiguration;
			buildSettings = {
				ALWAYS_EMBED_SWIFT_STANDARD_LIBRARIES = YES;
				BUNDLE_LOADER = "$(TEST_HOST)";
				CODE_SIGN_STYLE = Automatic;
				CURRENT_PROJECT_VERSION = 1;
				DEVELOPMENT_TEAM = TQR97FV9D2;
				GENERATE_INFOPLIST_FILE = YES;
				IPHONEOS_DEPLOYMENT_TARGET = 16.4;
				MARKETING_VERSION = 1.0;
				PRODUCT_BUNDLE_IDENTIFIER = "com.simfony.hardhack-sp23-postureTests";
				PRODUCT_NAME = "$(TARGET_NAME)";
				SWIFT_EMIT_LOC_STRINGS = NO;
				SWIFT_VERSION = 5.0;
				TARGETED_DEVICE_FAMILY = "1,2";
				TEST_HOST = "$(BUILT_PRODUCTS_DIR)/hardhack-sp23-posture.app/$(BUNDLE_EXECUTABLE_FOLDER_PATH)/hardhack-sp23-posture";
			};
			name = Release;
		};
		3FA84C8229EB53D7003C62A4 /* Debug */ = {
			isa = XCBuildConfiguration;
			buildSettings = {
				ALWAYS_EMBED_SWIFT_STANDARD_LIBRARIES = YES;
				CODE_SIGN_STYLE = Automatic;
				CURRENT_PROJECT_VERSION = 1;
				DEVELOPMENT_TEAM = TQR97FV9D2;
				GENERATE_INFOPLIST_FILE = YES;
				MARKETING_VERSION = 1.0;
				PRODUCT_BUNDLE_IDENTIFIER = "com.simfony.hardhack-sp23-postureUITests";
				PRODUCT_NAME = "$(TARGET_NAME)";
				SWIFT_EMIT_LOC_STRINGS = NO;
				SWIFT_VERSION = 5.0;
				TARGETED_DEVICE_FAMILY = "1,2";
				TEST_TARGET_NAME = "hardhack-sp23-posture";
			};
			name = Debug;
		};
		3FA84C8329EB53D7003C62A4 /* Release */ = {
			isa = XCBuildConfiguration;
			buildSettings = {
				ALWAYS_EMBED_SWIFT_STANDARD_LIBRARIES = YES;
				CODE_SIGN_STYLE = Automatic;
				CURRENT_PROJECT_VERSION = 1;
				DEVELOPMENT_TEAM = TQR97FV9D2;
				GENERATE_INFOPLIST_FILE = YES;
				MARKETING_VERSION = 1.0;
				PRODUCT_BUNDLE_IDENTIFIER = "com.simfony.hardhack-sp23-postureUITests";
				PRODUCT_NAME = "$(TARGET_NAME)";
				SWIFT_EMIT_LOC_STRINGS = NO;
				SWIFT_VERSION = 5.0;
				TARGETED_DEVICE_FAMILY = "1,2";
				TEST_TARGET_NAME = "hardhack-sp23-posture";
			};
			name = Release;
		};
/* End XCBuildConfiguration section */

/* Begin XCConfigurationList section */
		3FA84C5229EB53D6003C62A4 /* Build configuration list for PBXProject "hardhack-sp23-posture" */ = {
			isa = XCConfigurationList;
			buildConfigurations = (
				3FA84C7929EB53D7003C62A4 /* Debug */,
				3FA84C7A29EB53D7003C62A4 /* Release */,
			);
			defaultConfigurationIsVisible = 0;
			defaultConfigurationName = Release;
		};
		3FA84C7B29EB53D7003C62A4 /* Build configuration list for PBXNativeTarget "hardhack-sp23-posture" */ = {
			isa = XCConfigurationList;
			buildConfigurations = (
				3FA84C7C29EB53D7003C62A4 /* Debug */,
				3FA84C7D29EB53D7003C62A4 /* Release */,
			);
			defaultConfigurationIsVisible = 0;
			defaultConfigurationName = Release;
		};
		3FA84C7E29EB53D7003C62A4 /* Build configuration list for PBXNativeTarget "hardhack-sp23-postureTests" */ = {
			isa = XCConfigurationList;
			buildConfigurations = (
				3FA84C7F29EB53D7003C62A4 /* Debug */,
				3FA84C8029EB53D7003C62A4 /* Release */,
			);
			defaultConfigurationIsVisible = 0;
			defaultConfigurationName = Release;
		};
		3FA84C8129EB53D7003C62A4 /* Build configuration list for PBXNativeTarget "hardhack-sp23-postureUITests" */ = {
			isa = XCConfigurationList;
			buildConfigurations = (
				3FA84C8229EB53D7003C62A4 /* Debug */,
				3FA84C8329EB53D7003C62A4 /* Release */,
			);
			defaultConfigurationIsVisible = 0;
			defaultConfigurationName = Release;
		};
/* End XCConfigurationList section */
	};
	rootObject = 3FA84C4F29EB53D6003C62A4 /* Project object */;
}
